
Microsoft Visual Studio Solution File, Format Version 12.00
# Visual Studio Version 16
VisualStudioVersion = 16.0.31729.503
MinimumVisualStudioVersion = 10.0.40219.1
Project("{9A19103F-16F7-4668-BE54-9A1E7A4F7556}") = "WebApp.VendingMachine", "WebApp.VendingMachine.csproj", "{9FAD499A-F8C6-4C6A-A600-B79DC485E9FF}"
EndProject
Global
	GlobalSection(SolutionConfigurationPlatforms) = preSolution
		Debug|Any CPU = Debug|Any CPU
		Release|Any CPU = Release|Any CPU
	EndGlobalSection
	GlobalSection(ProjectConfigurationPlatforms) = postSolution
		{9FAD499A-F8C6-4C6A-A600-B79DC485E9FF}.Debug|Any CPU.ActiveCfg = Debug|Any CPU
		{9FAD499A-F8C6-4C6A-A600-B79DC485E9FF}.Debug|Any CPU.Build.0 = Debug|Any CPU
		{9FAD499A-F8C6-4C6A-A600-B79DC485E9FF}.Release|Any CPU.ActiveCfg = Release|Any CPU
		{9FAD499A-F8C6-4C6A-A600-B79DC485E9FF}.Release|Any CPU.Build.0 = Release|Any CPU
	EndGlobalSection
	GlobalSection(SolutionProperties) = preSolution
		HideSolutionNode = FALSE
	EndGlobalSection
	GlobalSection(ExtensibilityGlobals) = postSolution
		SolutionGuid = {7B85573D-39CB-4DA5-AC8B-E39D25FCB502}
	EndGlobalSection
EndGlobal
